Microsoft Visual Studio Solution File, Format Version 12.00
# Visual Studio Version 17
VisualStudioVersion = 17.5.2.0
MinimumVisualStudioVersion = 10.0.40219.1
Project("{FAE04EC0-301F-11D3-BF4B-00C04F79EFBC}") = "IGAnalyzer", "IGAnalyzer.csproj", "{F8801136-AEDD-77AA-8FD3-11C4B0B75224}"
EndProject
Global
	GlobalSection(SolutionConfigurationPlatforms) = preSolution
		Debug|Any CPU = Debug|Any CPU
		Release|Any CPU = Release|Any CPU
	EndGlobalSection
	GlobalSection(ProjectConfigurationPlatforms) = postSolution
		{F8801136-AEDD-77AA-8FD3-11C4B0B75224}.Debug|Any CPU.ActiveCfg = Debug|Any CPU
		{F8801136-AEDD-77AA-8FD3-11C4B0B75224}.Debug|Any CPU.Build.0 = Debug|Any CPU
		{F8801136-AEDD-77AA-8FD3-11C4B0B75224}.Release|Any CPU.ActiveCfg = Release|Any CPU
		{F8801136-AEDD-77AA-8FD3-11C4B0B75224}.Release|Any CPU.Build.0 = Release|Any CPU
	EndGlobalSection
	GlobalSection(SolutionProperties) = preSolution
		HideSolutionNode = FALSE
	EndGlobalSection
	GlobalSection(ExtensibilityGlobals) = postSolution
		SolutionGuid = {2E473AE0-2D66-4711-8014-865F2510D04F}
	EndGlobalSection
EndGlobal
